// !$*UTF8*$!
{
	archiveVersion = 1;
	classes = {
	};
	objectVersion = 56;
	objects = {

/* Begin PBXBuildFile section */
		E51353342A8A888800883241 /* Extensions.swift in Sources */ = {isa = PBXBuildFile; fileRef = E51353332A8A888800883241 /* Extensions.swift */; };
		E57235992A8A35D500AAF568 /* ThirtyProfectsOfSwiftUIApp.swift in Sources */ = {isa = PBXBuildFile; fileRef = E57235982A8A35D500AAF568 /* ThirtyProfectsOfSwiftUIApp.swift */; };
		E572359B2A8A35D500AAF568 /* ContentView.swift in Sources */ = {isa = PBXBuildFile; fileRef = E572359A2A8A35D500AAF568 /* ContentView.swift */; };
		E572359D2A8A35D800AAF568 /* Assets.xcassets in Resources */ = {isa = PBXBuildFile; fileRef = E572359C2A8A35D800AAF568 /* Assets.xcassets */; };
		E57235A02A8A35D800AAF568 /* Preview Assets.xcassets in Resources */ = {isa = PBXBuildFile; fileRef = E572359F2A8A35D800AAF568 /* Preview Assets.xcassets */; };
		E57235C12A8A35ED00AAF568 /* Course.swift in Sources */ = {isa = PBXBuildFile; fileRef = E57235A82A8A35ED00AAF568 /* Course.swift */; };
		E57235C22A8A35ED00AAF568 /* SideBar.swift in Sources */ = {isa = PBXBuildFile; fileRef = E57235A92A8A35ED00AAF568 /* SideBar.swift */; };
		E57235C32A8A35ED00AAF568 /* WeatherData.swift in Sources */ = {isa = PBXBuildFile; fileRef = E57235AD2A8A35ED00AAF568 /* WeatherData.swift */; };
		E57235C42A8A35ED00AAF568 /* WeatherView.swift in Sources */ = {isa = PBXBuildFile; fileRef = E57235AF2A8A35ED00AAF568 /* WeatherView.swift */; };
		E57235C52A8A35ED00AAF568 /* RecipeClass.swift in Sources */ = {isa = PBXBuildFile; fileRef = E57235B32A8A35ED00AAF568 /* RecipeClass.swift */; };
		E57235C62A8A35ED00AAF568 /* RecipeCard.swift in Sources */ = {isa = PBXBuildFile; fileRef = E57235B52A8A35ED00AAF568 /* RecipeCard.swift */; };
		E57235C72A8A35ED00AAF568 /* RecipeView.swift in Sources */ = {isa = PBXBuildFile; fileRef = E57235B72A8A35ED00AAF568 /* RecipeView.swift */; };
		E57235C82A8A35ED00AAF568 /* RecipeDetailView.swift in Sources */ = {isa = PBXBuildFile; fileRef = E57235B82A8A35ED00AAF568 /* RecipeDetailView.swift */; };
		E57235C92A8A35ED00AAF568 /* TaskManagerApp.swift in Sources */ = {isa = PBXBuildFile; fileRef = E57235BC2A8A35ED00AAF568 /* TaskManagerApp.swift */; };
		E57235CA2A8A35ED00AAF568 /* TaskRow.swift in Sources */ = {isa = PBXBuildFile; fileRef = E57235BE2A8A35ED00AAF568 /* TaskRow.swift */; };
		E57235CB2A8A35ED00AAF568 /* TaskView.swift in Sources */ = {isa = PBXBuildFile; fileRef = E57235C02A8A35ED00AAF568 /* TaskView.swift */; };
		E5A4C8AF2A8BB4D200367A12 /* ActivityData.swift in Sources */ = {isa = PBXBuildFile; fileRef = E5A4C8AE2A8BB4D200367A12 /* ActivityData.swift */; };
		E5A4C8B12A8BB4F800367A12 /* Constants.swift in Sources */ = {isa = PBXBuildFile; fileRef = E5A4C8B02A8BB4F800367A12 /* Constants.swift */; };
		E5A4C8B32A8BB51600367A12 /* BlurView.swift in Sources */ = {isa = PBXBuildFile; fileRef = E5A4C8B22A8BB51600367A12 /* BlurView.swift */; };
		E5A4C8B52A8BB54400367A12 /* RingView.swift in Sources */ = {isa = PBXBuildFile; fileRef = E5A4C8B42A8BB54400367A12 /* RingView.swift */; };
		E5A4C8B72A8BB56F00367A12 /* ColorExtension.swift in Sources */ = {isa = PBXBuildFile; fileRef = E5A4C8B62A8BB56F00367A12 /* ColorExtension.swift */; };
		E5A4C8BA2A8BB82500367A12 /* ActivityView.swift in Sources */ = {isa = PBXBuildFile; fileRef = E5A4C8B92A8BB82500367A12 /* ActivityView.swift */; };
		E5F863B12A8A5F72008FE887 /* HorizontalScrolling.swift in Sources */ = {isa = PBXBuildFile; fileRef = E5F863B02A8A5F72008FE887 /* HorizontalScrolling.swift */; };
/* End PBXBuildFile section */

/* Begin PBXFileReference section */
		E51353332A8A888800883241 /* Extensions.swift */ = {isa = PBXFileReference; lastKnownFileType = sourcecode.swift; path = Extensions.swift; sourceTree = "<group>"; };
		E57235952A8A35D500AAF568 /* ThirtyProfectsOfSwiftUI.app */ = {isa = PBXFileReference; explicitFileType = wrapper.application; includeInIndex = 0; path = ThirtyProfectsOfSwiftUI.app; sourceTree = BUILT_PRODUCTS_DIR; };
		E57235982A8A35D500AAF568 /* ThirtyProfectsOfSwiftUIApp.swift */ = {isa = PBXFileReference; lastKnownFileType = sourcecode.swift; path = ThirtyProfectsOfSwiftUIApp.swift; sourceTree = "<group>"; };
		E572359A2A8A35D500AAF568 /* ContentView.swift */ = {isa = PBXFileReference; lastKnownFileType = sourcecode.swift; path = ContentView.swift; sourceTree = "<group>"; };
		E572359C2A8A35D800AAF568 /* Assets.xcassets */ = {isa = PBXFileReference; lastKnownFileType = folder.assetcatalog; path = Assets.xcassets; sourceTree = "<group>"; };
		E572359F2A8A35D800AAF568 /* Preview Assets.xcassets */ = {isa = PBXFileReference; lastKnownFileType = folder.assetcatalog; path = "Preview Assets.xcassets"; sourceTree = "<group>"; };
		E57235A82A8A35ED00AAF568 /* Course.swift */ = {isa = PBXFileReference; fileEncoding = 4; lastKnownFileType = sourcecode.swift; path = Course.swift; sourceTree = "<group>"; };
		E57235A92A8A35ED00AAF568 /* SideBar.swift */ = {isa = PBXFileReference; fileEncoding = 4; lastKnownFileType = sourcecode.swift; path = SideBar.swift; sourceTree = "<group>"; };
		E57235AD2A8A35ED00AAF568 /* WeatherData.swift */ = {isa = PBXFileReference; fileEncoding = 4; lastKnownFileType = sourcecode.swift; path = WeatherData.swift; sourceTree = "<group>"; };
		E57235AF2A8A35ED00AAF568 /* WeatherView.swift */ = {isa = PBXFileReference; fileEncoding = 4; lastKnownFileType = sourcecode.swift; path = WeatherView.swift; sourceTree = "<group>"; };
		E57235B32A8A35ED00AAF568 /* RecipeClass.swift */ = {isa = PBXFileReference; fileEncoding = 4; lastKnownFileType = sourcecode.swift; path = RecipeClass.swift; sourceTree = "<group>"; };
		E57235B52A8A35ED00AAF568 /* RecipeCard.swift */ = {isa = PBXFileReference; fileEncoding = 4; lastKnownFileType = sourcecode.swift; path = RecipeCard.swift; sourceTree = "<group>"; };
		E57235B72A8A35ED00AAF568 /* RecipeView.swift */ = {isa = PBXFileReference; fileEncoding = 4; lastKnownFileType = sourcecode.swift; path = RecipeView.swift; sourceTree = "<group>"; };
		E57235B82A8A35ED00AAF568 /* RecipeDetailView.swift */ = {isa = PBXFileReference; fileEncoding = 4; lastKnownFileType = sourcecode.swift; path = RecipeDetailView.swift; sourceTree = "<group>"; };
		E57235BC2A8A35ED00AAF568 /* TaskManagerApp.swift */ = {isa = PBXFileReference; fileEncoding = 4; lastKnownFileType = sourcecode.swift; path = TaskManagerApp.swift; sourceTree = "<group>"; };
		E57235BE2A8A35ED00AAF568 /* TaskRow.swift */ = {isa = PBXFileReference; fileEncoding = 4; lastKnownFileType = sourcecode.swift; path = TaskRow.swift; sourceTree = "<group>"; };
		E57235C02A8A35ED00AAF568 /* TaskView.swift */ = {isa = PBXFileReference; fileEncoding = 4; lastKnownFileType = sourcecode.swift; path = TaskView.swift; sourceTree = "<group>"; };
		E5A4C8AE2A8BB4D200367A12 /* ActivityData.swift */ = {isa = PBXFileReference; lastKnownFileType = sourcecode.swift; path = ActivityData.swift; sourceTree = "<group>"; };
		E5A4C8B02A8BB4F800367A12 /* Constants.swift */ = {isa = PBXFileReference; lastKnownFileType = sourcecode.swift; path = Constants.swift; sourceTree = "<group>"; };
		E5A4C8B22A8BB51600367A12 /* BlurView.swift */ = {isa = PBXFileReference; lastKnownFileType = sourcecode.swift; path = BlurView.swift; sourceTree = "<group>"; };
		E5A4C8B42A8BB54400367A12 /* RingView.swift */ = {isa = PBXFileReference; lastKnownFileType = sourcecode.swift; path = RingView.swift; sourceTree = "<group>"; };
		E5A4C8B62A8BB56F00367A12 /* ColorExtension.swift */ = {isa = PBXFileReference; lastKnownFileType = sourcecode.swift; path = ColorExtension.swift; sourceTree = "<group>"; };
		E5A4C8B92A8BB82500367A12 /* ActivityView.swift */ = {isa = PBXFileReference; lastKnownFileType = sourcecode.swift; path = ActivityView.swift; sourceTree = "<group>"; };
		E5F863B02A8A5F72008FE887 /* HorizontalScrolling.swift */ = {isa = PBXFileReference; lastKnownFileType = sourcecode.swift; path = HorizontalScrolling.swift; sourceTree = "<group>"; };
/* End PBXFileReference section */

/* Begin PBXFrameworksBuildPhase section */
		E57235922A8A35D500AAF568 /* Frameworks */ = {
			isa = PBXFrameworksBuildPhase;
			buildActionMask = 2147483647;
			files = (
			);
			runOnlyForDeploymentPostprocessing = 0;
		};
/* End PBXFrameworksBuildPhase section */

/* Begin PBXGroup section */
		E572358C2A8A35D500AAF568 = {
			isa = PBXGroup;
			children = (
				E57235972A8A35D500AAF568 /* ThirtyProfectsOfSwiftUI */,
				E57235962A8A35D500AAF568 /* Products */,
			);
			sourceTree = "<group>";
		};
		E57235962A8A35D500AAF568 /* Products */ = {
			isa = PBXGroup;
			children = (
				E57235952A8A35D500AAF568 /* ThirtyProfectsOfSwiftUI.app */,
			);
			name = Products;
			sourceTree = "<group>";
		};
		E57235972A8A35D500AAF568 /* ThirtyProfectsOfSwiftUI */ = {
			isa = PBXGroup;
			children = (
				E57235982A8A35D500AAF568 /* ThirtyProfectsOfSwiftUIApp.swift */,
				E572359A2A8A35D500AAF568 /* ContentView.swift */,
				E57235A62A8A35ED00AAF568 /* Main */,
				E57235AA2A8A35ED00AAF568 /* Project-1 */,
				E57235B92A8A35ED00AAF568 /* Project-2 */,
				E57235B02A8A35ED00AAF568 /* Project-3 */,
				E5A4C8A92A8BB43D00367A12 /* Project-4 */,
				E572359C2A8A35D800AAF568 /* Assets.xcassets */,
				E572359E2A8A35D800AAF568 /* Preview Content */,
			);
			path = ThirtyProfectsOfSwiftUI;
			sourceTree = "<group>";
		};
		E572359E2A8A35D800AAF568 /* Preview Content */ = {
			isa = PBXGroup;
			children = (
				E572359F2A8A35D800AAF568 /* Preview Assets.xcassets */,
			);
			path = "Preview Content";
			sourceTree = "<group>";
		};
		E57235A62A8A35ED00AAF568 /* Main */ = {
			isa = PBXGroup;
			children = (
				E57235A72A8A35ED00AAF568 /* ViewModel */,
				E57235A92A8A35ED00AAF568 /* SideBar.swift */,
			);
			path = Main;
			sourceTree = "<group>";
		};
		E57235A72A8A35ED00AAF568 /* ViewModel */ = {
			isa = PBXGroup;
			children = (
				E57235A82A8A35ED00AAF568 /* Course.swift */,
			);
			path = ViewModel;
			sourceTree = "<group>";
		};
		E57235AA2A8A35ED00AAF568 /* Project-1 */ = {
			isa = PBXGroup;
			children = (
				E57235AB2A8A35ED00AAF568 /* WeatherApp */,
			);
			path = "Project-1";
			sourceTree = "<group>";
		};
		E57235AB2A8A35ED00AAF568 /* WeatherApp */ = {
			isa = PBXGroup;
			children = (
				E57235AC2A8A35ED00AAF568 /* ViewModel */,
				E57235AE2A8A35ED00AAF568 /* Views */,
			);
			path = WeatherApp;
			sourceTree = "<group>";
		};
		E57235AC2A8A35ED00AAF568 /* ViewModel */ = {
			isa = PBXGroup;
			children = (
				E57235AD2A8A35ED00AAF568 /* WeatherData.swift */,
			);
			path = ViewModel;
			sourceTree = "<group>";
		};
		E57235AE2A8A35ED00AAF568 /* Views */ = {
			isa = PBXGroup;
			children = (
				E57235AF2A8A35ED00AAF568 /* WeatherView.swift */,
			);
			path = Views;
			sourceTree = "<group>";
		};
		E57235B02A8A35ED00AAF568 /* Project-3 */ = {
			isa = PBXGroup;
			children = (
				E57235B12A8A35ED00AAF568 /* RecipeApp */,
			);
			path = "Project-3";
			sourceTree = "<group>";
		};
		E57235B12A8A35ED00AAF568 /* RecipeApp */ = {
			isa = PBXGroup;
			children = (
				E57235B22A8A35ED00AAF568 /* ViewModel */,
				E57235B42A8A35ED00AAF568 /* Components */,
				E57235B62A8A35ED00AAF568 /* Views */,
			);
			path = RecipeApp;
			sourceTree = "<group>";
		};
		E57235B22A8A35ED00AAF568 /* ViewModel */ = {
			isa = PBXGroup;
			children = (
				E57235B32A8A35ED00AAF568 /* RecipeClass.swift */,
				E51353332A8A888800883241 /* Extensions.swift */,
			);
			path = ViewModel;
			sourceTree = "<group>";
		};
		E57235B42A8A35ED00AAF568 /* Components */ = {
			isa = PBXGroup;
			children = (
				E57235B52A8A35ED00AAF568 /* RecipeCard.swift */,
				E5F863B02A8A5F72008FE887 /* HorizontalScrolling.swift */,
			);
			path = Components;
			sourceTree = "<group>";
		};
		E57235B62A8A35ED00AAF568 /* Views */ = {
			isa = PBXGroup;
			children = (
				E57235B72A8A35ED00AAF568 /* RecipeView.swift */,
				E57235B82A8A35ED00AAF568 /* RecipeDetailView.swift */,
			);
			path = Views;
			sourceTree = "<group>";
		};
		E57235B92A8A35ED00AAF568 /* Project-2 */ = {
			isa = PBXGroup;
			children = (
				E57235BA2A8A35ED00AAF568 /* TaskManagerApp */,
			);
			path = "Project-2";
			sourceTree = "<group>";
		};
		E57235BA2A8A35ED00AAF568 /* TaskManagerApp */ = {
			isa = PBXGroup;
			children = (
				E57235BB2A8A35ED00AAF568 /* ViewModel */,
				E57235BD2A8A35ED00AAF568 /* Components */,
				E57235BF2A8A35ED00AAF568 /* Views */,
			);
			path = TaskManagerApp;
			sourceTree = "<group>";
		};
		E57235BB2A8A35ED00AAF568 /* ViewModel */ = {
			isa = PBXGroup;
			children = (
				E57235BC2A8A35ED00AAF568 /* TaskManagerApp.swift */,
			);
			path = ViewModel;
			sourceTree = "<group>";
		};
		E57235BD2A8A35ED00AAF568 /* Components */ = {
			isa = PBXGroup;
			children = (
				E57235BE2A8A35ED00AAF568 /* TaskRow.swift */,
			);
			path = Components;
			sourceTree = "<group>";
		};
		E57235BF2A8A35ED00AAF568 /* Views */ = {
			isa = PBXGroup;
			children = (
				E57235C02A8A35ED00AAF568 /* TaskView.swift */,
			);
			path = Views;
			sourceTree = "<group>";
		};
		E5A4C8A92A8BB43D00367A12 /* Project-4 */ = {
			isa = PBXGroup;
			children = (
				E5A4C8AA2A8BB45100367A12 /* ActivityTrackerApp */,
			);
			path = "Project-4";
			sourceTree = "<group>";
		};
		E5A4C8AA2A8BB45100367A12 /* ActivityTrackerApp */ = {
			isa = PBXGroup;
			children = (
				E5A4C8B82A8BB80A00367A12 /* Components */,
				E5A4C8AB2A8BB4A100367A12 /* Data */,
				E5A4C8AD2A8BB4B600367A12 /* Views */,
				E5A4C8AC2A8BB4AA00367A12 /* Extensions */,
			);
			path = ActivityTrackerApp;
			sourceTree = "<group>";
		};
		E5A4C8AB2A8BB4A100367A12 /* Data */ = {
			isa = PBXGroup;
			children = (
				E5A4C8AE2A8BB4D200367A12 /* ActivityData.swift */,
				E5A4C8B02A8BB4F800367A12 /* Constants.swift */,
			);
			path = Data;
			sourceTree = "<group>";
		};
		E5A4C8AC2A8BB4AA00367A12 /* Extensions */ = {
			isa = PBXGroup;
			children = (
				E5A4C8B62A8BB56F00367A12 /* ColorExtension.swift */,
			);
			path = Extensions;
			sourceTree = "<group>";
		};
		E5A4C8AD2A8BB4B600367A12 /* Views */ = {
			isa = PBXGroup;
			children = (
				E5A4C8B92A8BB82500367A12 /* ActivityView.swift */,
			);
			path = Views;
			sourceTree = "<group>";
		};
		E5A4C8B82A8BB80A00367A12 /* Components */ = {
			isa = PBXGroup;
			children = (
				E5A4C8B22A8BB51600367A12 /* BlurView.swift */,
				E5A4C8B42A8BB54400367A12 /* RingView.swift */,
			);
			path = Components;
			sourceTree = "<group>";
		};
/* End PBXGroup section */

/* Begin PBXNativeTarget section */
		E57235942A8A35D500AAF568 /* ThirtyProfectsOfSwiftUI */ = {
			isa = PBXNativeTarget;
			buildConfigurationList = E57235A32A8A35D800AAF568 /* Build configuration list for PBXNativeTarget "ThirtyProfectsOfSwiftUI" */;
			buildPhases = (
				E57235912A8A35D500AAF568 /* Sources */,
				E57235922A8A35D500AAF568 /* Frameworks */,
				E57235932A8A35D500AAF568 /* Resources */,
			);
			buildRules = (
			);
			dependencies = (
			);
			name = ThirtyProfectsOfSwiftUI;
			productName = ThirtyProfectsOfSwiftUI;
			productReference = E57235952A8A35D500AAF568 /* ThirtyProfectsOfSwiftUI.app */;
			productType = "com.apple.product-type.application";
		};
/* End PBXNativeTarget section */

/* Begin PBXProject section */
		E572358D2A8A35D500AAF568 /* Project object */ = {
			isa = PBXProject;
			attributes = {
				BuildIndependentTargetsInParallel = 1;
				LastSwiftUpdateCheck = 1430;
				LastUpgradeCheck = 1430;
				TargetAttributes = {
					E57235942A8A35D500AAF568 = {
						CreatedOnToolsVersion = 14.3.1;
					};
				};
			};
			buildConfigurationList = E57235902A8A35D500AAF568 /* Build configuration list for PBXProject "ThirtyProfectsOfSwiftUI" */;
			compatibilityVersion = "Xcode 14.0";
			developmentRegion = en;
			hasScannedForEncodings = 0;
			knownRegions = (
				en,
				Base,
			);
			mainGroup = E572358C2A8A35D500AAF568;
			productRefGroup = E57235962A8A35D500AAF568 /* Products */;
			projectDirPath = "";
			projectRoot = "";
			targets = (
				E57235942A8A35D500AAF568 /* ThirtyProfectsOfSwiftUI */,
			);
		};
/* End PBXProject section */

/* Begin PBXResourcesBuildPhase section */
		E57235932A8A35D500AAF568 /* Resources */ = {
			isa = PBXResourcesBuildPhase;
			buildActionMask = 2147483647;
			files = (
				E57235A02A8A35D800AAF568 /* Preview Assets.xcassets in Resources */,
				E572359D2A8A35D800AAF568 /* Assets.xcassets in Resources */,
			);
			runOnlyForDeploymentPostprocessing = 0;
		};
/* End PBXResourcesBuildPhase section */

/* Begin PBXSourcesBuildPhase section */
		E57235912A8A35D500AAF568 /* Sources */ = {
			isa = PBXSourcesBuildPhase;
			buildActionMask = 2147483647;
			files = (
				E57235C72A8A35ED00AAF568 /* RecipeView.swift in Sources */,
				E5A4C8B12A8BB4F800367A12 /* Constants.swift in Sources */,
				E57235C82A8A35ED00AAF568 /* RecipeDetailView.swift in Sources */,
				E57235C92A8A35ED00AAF568 /* TaskManagerApp.swift in Sources */,
				E57235CA2A8A35ED00AAF568 /* TaskRow.swift in Sources */,
				E5A4C8B52A8BB54400367A12 /* RingView.swift in Sources */,
				E5A4C8B32A8BB51600367A12 /* BlurView.swift in Sources */,
				E5A4C8AF2A8BB4D200367A12 /* ActivityData.swift in Sources */,
				E57235C12A8A35ED00AAF568 /* Course.swift in Sources */,
				E57235C32A8A35ED00AAF568 /* WeatherData.swift in Sources */,
				E572359B2A8A35D500AAF568 /* ContentView.swift in Sources */,
				E5A4C8BA2A8BB82500367A12 /* ActivityView.swift in Sources */,
				E57235CB2A8A35ED00AAF568 /* TaskView.swift in Sources */,
				E57235C42A8A35ED00AAF568 /* WeatherView.swift in Sources */,
				E5F863B12A8A5F72008FE887 /* HorizontalScrolling.swift in Sources */,
				E51353342A8A888800883241 /* Extensions.swift in Sources */,
				E57235C52A8A35ED00AAF568 /* RecipeClass.swift in Sources */,
				E57235C62A8A35ED00AAF568 /* RecipeCard.swift in Sources */,
				E57235C22A8A35ED00AAF568 /* SideBar.swift in Sources */,
				E57235992A8A35D500AAF568 /* ThirtyProfectsOfSwiftUIApp.swift in Sources */,
				E5A4C8B72A8BB56F00367A12 /* ColorExtension.swift in Sources */,
			);
			runOnlyForDeploymentPostprocessing = 0;
		};
/* End PBXSourcesBuildPhase section */

/* Begin XCBuildConfiguration section */
		E57235A12A8A35D800AAF568 /* Debug */ = {
			isa = XCBuildConfiguration;
			buildSettings = {
				ALWAYS_SEARCH_USER_PATHS = NO;
				CLANG_ANALYZER_NONNULL = YES;
				CLANG_ANALYZER_NUMBER_OBJECT_CONVERSION = YES_AGGRESSIVE;
				CLANG_CXX_LANGUAGE_STANDARD = "gnu++20";
				CLANG_ENABLE_MODULES = YES;
				CLANG_ENABLE_OBJC_ARC = YES;
				CLANG_ENABLE_OBJC_WEAK = YES;
				CLANG_WARN_BLOCK_CAPTURE_AUTORELEASING = YES;
				CLANG_WARN_BOOL_CONVERSION = YES;
				CLANG_WARN_COMMA = YES;
				CLANG_WARN_CONSTANT_CONVERSION = YES;
				CLANG_WARN_DEPRECATED_OBJC_IMPLEMENTATIONS = YES;
				CLANG_WARN_DIRECT_OBJC_ISA_USAGE = YES_ERROR;
				CLANG_WARN_DOCUMENTATION_COMMENTS = YES;
				CLANG_WARN_EMPTY_BODY = YES;
				CLANG_WARN_ENUM_CONVERSION = YES;
				CLANG_WARN_INFINITE_RECURSION = YES;
				CLANG_WARN_INT_CONVERSION = YES;
				CLANG_WARN_NON_LITERAL_NULL_CONVERSION = YES;
				CLANG_WARN_OBJC_IMPLICIT_RETAIN_SELF = YES;
				CLANG_WARN_OBJC_LITERAL_CONVERSION = YES;
				CLANG_WARN_OBJC_ROOT_CLASS = YES_ERROR;
				CLANG_WARN_QUOTED_INCLUDE_IN_FRAMEWORK_HEADER = YES;
				CLANG_WARN_RANGE_LOOP_ANALYSIS = YES;
				CLANG_WARN_STRICT_PROTOTYPES = YES;
				CLANG_WARN_SUSPICIOUS_MOVE = YES;
				CLANG_WARN_UNGUARDED_AVAILABILITY = YES_AGGRESSIVE;
				CLANG_WARN_UNREACHABLE_CODE = YES;
				CLANG_WARN__DUPLICATE_METHOD_MATCH = YES;
				COPY_PHASE_STRIP = NO;
				DEBUG_INFORMATION_FORMAT = dwarf;
				ENABLE_STRICT_OBJC_MSGSEND = YES;
				ENABLE_TESTABILITY = YES;
				GCC_C_LANGUAGE_STANDARD = gnu11;
				GCC_DYNAMIC_NO_PIC = NO;
				GCC_NO_COMMON_BLOCKS = YES;
				GCC_OPTIMIZATION_LEVEL = 0;
				GCC_PREPROCESSOR_DEFINITIONS = (
					"DEBUG=1",
					"$(inherited)",
				);
				GCC_WARN_64_TO_32_BIT_CONVERSION = YES;
				GCC_WARN_ABOUT_RETURN_TYPE = YES_ERROR;
				GCC_WARN_UNDECLARED_SELECTOR = YES;
				GCC_WARN_UNINITIALIZED_AUTOS = YES_AGGRESSIVE;
				GCC_WARN_UNUSED_FUNCTION = YES;
				GCC_WARN_UNUSED_VARIABLE = YES;
				IPHONEOS_DEPLOYMENT_TARGET = 16.4;
				MTL_ENABLE_DEBUG_INFO = INCLUDE_SOURCE;
				MTL_FAST_MATH = YES;
				ONLY_ACTIVE_ARCH = YES;
				SDKROOT = iphoneos;
				SWIFT_ACTIVE_COMPILATION_CONDITIONS = DEBUG;
				SWIFT_OPTIMIZATION_LEVEL = "-Onone";
			};
			name = Debug;
		};
		E57235A22A8A35D800AAF568 /* Release */ = {
			isa = XCBuildConfiguration;
			buildSettings = {
				ALWAYS_SEARCH_USER_PATHS = NO;
				CLANG_ANALYZER_NONNULL = YES;
				CLANG_ANALYZER_NUMBER_OBJECT_CONVERSION = YES_AGGRESSIVE;
				CLANG_CXX_LANGUAGE_STANDARD = "gnu++20";
				CLANG_ENABLE_MODULES = YES;
				CLANG_ENABLE_OBJC_ARC = YES;
				CLANG_ENABLE_OBJC_WEAK = YES;
				CLANG_WARN_BLOCK_CAPTURE_AUTORELEASING = YES;
				CLANG_WARN_BOOL_CONVERSION = YES;
				CLANG_WARN_COMMA = YES;
				CLANG_WARN_CONSTANT_CONVERSION = YES;
				CLANG_WARN_DEPRECATED_OBJC_IMPLEMENTATIONS = YES;
				CLANG_WARN_DIRECT_OBJC_ISA_USAGE = YES_ERROR;
				CLANG_WARN_DOCUMENTATION_COMMENTS = YES;
				CLANG_WARN_EMPTY_BODY = YES;
				CLANG_WARN_ENUM_CONVERSION = YES;
				CLANG_WARN_INFINITE_RECURSION = YES;
				CLANG_WARN_INT_CONVERSION = YES;
				CLANG_WARN_NON_LITERAL_NULL_CONVERSION = YES;
				CLANG_WARN_OBJC_IMPLICIT_RETAIN_SELF = YES;
				CLANG_WARN_OBJC_LITERAL_CONVERSION = YES;
				CLANG_WARN_OBJC_ROOT_CLASS = YES_ERROR;
				CLANG_WARN_QUOTED_INCLUDE_IN_FRAMEWORK_HEADER = YES;
				CLANG_WARN_RANGE_LOOP_ANALYSIS = YES;
				CLANG_WARN_STRICT_PROTOTYPES = YES;
				CLANG_WARN_SUSPICIOUS_MOVE = YES;
				CLANG_WARN_UNGUARDED_AVAILABILITY = YES_AGGRESSIVE;
				CLANG_WARN_UNREACHABLE_CODE = YES;
				CLANG_WARN__DUPLICATE_METHOD_MATCH = YES;
				COPY_PHASE_STRIP = NO;
				DEBUG_INFORMATION_FORMAT = "dwarf-with-dsym";
				ENABLE_NS_ASSERTIONS = NO;
				ENABLE_STRICT_OBJC_MSGSEND = YES;
				GCC_C_LANGUAGE_STANDARD = gnu11;
				GCC_NO_COMMON_BLOCKS = YES;
				GCC_WARN_64_TO_32_BIT_CONVERSION = YES;
				GCC_WARN_ABOUT_RETURN_TYPE = YES_ERROR;
				GCC_WARN_UNDECLARED_SELECTOR = YES;
				GCC_WARN_UNINITIALIZED_AUTOS = YES_AGGRESSIVE;
				GCC_WARN_UNUSED_FUNCTION = YES;
				GCC_WARN_UNUSED_VARIABLE = YES;
				IPHONEOS_DEPLOYMENT_TARGET = 16.4;
				MTL_ENABLE_DEBUG_INFO = NO;
				MTL_FAST_MATH = YES;
				SDKROOT = iphoneos;
				SWIFT_COMPILATION_MODE = wholemodule;
				SWIFT_OPTIMIZATION_LEVEL = "-O";
				VALIDATE_PRODUCT = YES;
			};
			name = Release;
		};
		E57235A42A8A35D800AAF568 /* Debug */ = {
			isa = XCBuildConfiguration;
			buildSettings = {
				ASSETCATALOG_COMPILER_APPICON_NAME = AppIcon;
				ASSETCATALOG_COMPILER_GLOBAL_ACCENT_COLOR_NAME = AccentColor;
				CODE_SIGN_STYLE = Automatic;
				CURRENT_PROJECT_VERSION = 1;
				DEVELOPMENT_ASSET_PATHS = "\"ThirtyProfectsOfSwiftUI/Preview Content\"";
				DEVELOPMENT_TEAM = 2XYGSQSC8C;
				ENABLE_PREVIEWS = YES;
				GENERATE_INFOPLIST_FILE = YES;
				INFOPLIST_KEY_NSLocationAlwaysAndWhenInUseUsageDescription = "We need your location to provide current Weather information.";
				INFOPLIST_KEY_NSLocationAlwaysUsageDescription = "We need your location to provide current Weather information.";
				INFOPLIST_KEY_UIApplicationSceneManifest_Generation = YES;
				INFOPLIST_KEY_UIApplicationSupportsIndirectInputEvents = YES;
				INFOPLIST_KEY_UILaunchScreen_Generation = YES;
				INFOPLIST_KEY_UISupportedInterfaceOrientations_iPad = "UIInterfaceOrientationPortrait UIInterfaceOrientationPortraitUpsideDown UIInterfaceOrientationLandscapeLeft UIInterfaceOrientationLandscapeRight";
				INFOPLIST_KEY_UISupportedInterfaceOrientations_iPhone = "UIInterfaceOrientationPortrait UIInterfaceOrientationLandscapeLeft UIInterfaceOrientationLandscapeRight";
				LD_RUNPATH_SEARCH_PATHS = (
					"$(inherited)",
					"@executable_path/Frameworks",
				);
				MARKETING_VERSION = 1.0;
				PRODUCT_BUNDLE_IDENTIFIER = io.CodeLab.ThirtyProfectsOfSwiftUI;
				PRODUCT_NAME = "$(TARGET_NAME)";
				SWIFT_EMIT_LOC_STRINGS = YES;
				SWIFT_VERSION = 5.0;
				TARGETED_DEVICE_FAMILY = "1,2";
			};
			name = Debug;
		};
		E57235A52A8A35D800AAF568 /* Release */ = {
			isa = XCBuildConfiguration;
			buildSettings = {
				ASSETCATALOG_COMPILER_APPICON_NAME = AppIcon;
				ASSETCATALOG_COMPILER_GLOBAL_ACCENT_COLOR_NAME = AccentColor;
				CODE_SIGN_STYLE = Automatic;
				CURRENT_PROJECT_VERSION = 1;
				DEVELOPMENT_ASSET_PATHS = "\"ThirtyProfectsOfSwiftUI/Preview Content\"";
				DEVELOPMENT_TEAM = 2XYGSQSC8C;
				ENABLE_PREVIEWS = YES;
				GENERATE_INFOPLIST_FILE = YES;
				INFOPLIST_KEY_NSLocationAlwaysAndWhenInUseUsageDescription = "We need your location to provide current Weather information.";
				INFOPLIST_KEY_NSLocationAlwaysUsageDescription = "We need your location to provide current Weather information.";
				INFOPLIST_KEY_UIApplicationSceneManifest_Generation = YES;
				INFOPLIST_KEY_UIApplicationSupportsIndirectInputEvents = YES;
				INFOPLIST_KEY_UILaunchScreen_Generation = YES;
				INFOPLIST_KEY_UISupportedInterfaceOrientations_iPad = "UIInterfaceOrientationPortrait UIInterfaceOrientationPortraitUpsideDown UIInterfaceOrientationLandscapeLeft UIInterfaceOrientationLandscapeRight";
				INFOPLIST_KEY_UISupportedInterfaceOrientations_iPhone = "UIInterfaceOrientationPortrait UIInterfaceOrientationLandscapeLeft UIInterfaceOrientationLandscapeRight";
				LD_RUNPATH_SEARCH_PATHS = (
					"$(inherited)",
					"@executable_path/Frameworks",
				);
				MARKETING_VERSION = 1.0;
				PRODUCT_BUNDLE_IDENTIFIER = io.CodeLab.ThirtyProfectsOfSwiftUI;
				PRODUCT_NAME = "$(TARGET_NAME)";
				SWIFT_EMIT_LOC_STRINGS = YES;
				SWIFT_VERSION = 5.0;
				TARGETED_DEVICE_FAMILY = "1,2";
			};
			name = Release;
		};
/* End XCBuildConfiguration section */

/* Begin XCConfigurationList section */
		E57235902A8A35D500AAF568 /* Build configuration list for PBXProject "ThirtyProfectsOfSwiftUI" */ = {
			isa = XCConfigurationList;
			buildConfigurations = (
				E57235A12A8A35D800AAF568 /* Debug */,
				E57235A22A8A35D800AAF568 /* Release */,
			);
			defaultConfigurationIsVisible = 0;
			defaultConfigurationName = Release;
		};
		E57235A32A8A35D800AAF568 /* Build configuration list for PBXNativeTarget "ThirtyProfectsOfSwiftUI" */ = {
			isa = XCConfigurationList;
			buildConfigurations = (
				E57235A42A8A35D800AAF568 /* Debug */,
				E57235A52A8A35D800AAF568 /* Release */,
			);
			defaultConfigurationIsVisible = 0;
			defaultConfigurationName = Release;
		};
/* End XCConfigurationList section */
	};
	rootObject = E572358D2A8A35D500AAF568 /* Project object */;
}
